
Microsoft Visual Studio Solution File, Format Version 11.00
# Visual Studio 2010
Project("{FAE04EC0-301F-11D3-BF4B-00C04F79EFBC}") = "GamePrototype1", "Assembly-CSharp-firstpass.csproj", "{2E59CCC6-F954-8385-33B6-47767667729A}"
EndProject
Project("{FAE04EC0-301F-11D3-BF4B-00C04F79EFBC}") = "GamePrototype1", "Assembly-CSharp-Editor-firstpass.csproj", "{87AAE0AA-AA23-B5F6-8786-4B5BEBF00381}"
EndProject
Global
	GlobalSection(SolutionConfigurationPlatforms) = preSolution
		Debug|Any CPU = Debug|Any CPU
		Release|Any CPU = Release|Any CPU
	EndGlobalSection
	GlobalSection(ProjectConfigurationPlatforms) = postSolution
		{2E59CCC6-F954-8385-33B6-47767667729A}.Debug|Any CPU.ActiveCfg = Debug|Any CPU
		{2E59CCC6-F954-8385-33B6-47767667729A}.Debug|Any CPU.Build.0 = Debug|Any CPU
		{2E59CCC6-F954-8385-33B6-47767667729A}.Release|Any CPU.ActiveCfg = Release|Any CPU
		{2E59CCC6-F954-8385-33B6-47767667729A}.Release|Any CPU.Build.0 = Release|Any CPU
		{87AAE0AA-AA23-B5F6-8786-4B5BEBF00381}.Debug|Any CPU.ActiveCfg = Debug|Any CPU
		{87AAE0AA-AA23-B5F6-8786-4B5BEBF00381}.Debug|Any CPU.Build.0 = Debug|Any CPU
		{87AAE0AA-AA23-B5F6-8786-4B5BEBF00381}.Release|Any CPU.ActiveCfg = Release|Any CPU
		{87AAE0AA-AA23-B5F6-8786-4B5BEBF00381}.Release|Any CPU.Build.0 = Release|Any CPU
	EndGlobalSection
	GlobalSection(SolutionProperties) = preSolution
		HideSolutionNode = FALSE
	EndGlobalSection
	GlobalSection(MonoDevelopProperties) = preSolution
		StartupItem = Assembly-CSharp.csproj
	EndGlobalSection
EndGlobal
